// !$*UTF8*$!
{
	archiveVersion = 1;
	classes = {
	};
	objectVersion = 50;
	objects = {

/* Begin PBXBuildFile section */
		A61D589421758F80000219F9 /* PostListTableViewController.swift in Sources */ = {isa = PBXBuildFile; fileRef = A61D589321758F80000219F9 /* PostListTableViewController.swift */; };
		A68AF9C521754EB9007DB148 /* AppDelegate.swift in Sources */ = {isa = PBXBuildFile; fileRef = A68AF9C421754EB9007DB148 /* AppDelegate.swift */; };
		A68AF9CA21754EB9007DB148 /* Main.storyboard in Resources */ = {isa = PBXBuildFile; fileRef = A68AF9C821754EB9007DB148 /* Main.storyboard */; };
		A68AF9CC21754EBB007DB148 /* Assets.xcassets in Resources */ = {isa = PBXBuildFile; fileRef = A68AF9CB21754EBB007DB148 /* Assets.xcassets */; };
		A68AF9CF21754EBB007DB148 /* LaunchScreen.storyboard in Resources */ = {isa = PBXBuildFile; fileRef = A68AF9CD21754EBB007DB148 /* LaunchScreen.storyboard */; };
		A68AF9DC217550DC007DB148 /* Post.swift in Sources */ = {isa = PBXBuildFile; fileRef = A68AF9DB217550DC007DB148 /* Post.swift */; };
		A68AF9DE21755689007DB148 /* PostController.swift in Sources */ = {isa = PBXBuildFile; fileRef = A68AF9DD21755689007DB148 /* PostController.swift */; };
/* End PBXBuildFile section */

/* Begin PBXFileReference section */
		A61D589321758F80000219F9 /* PostListTableViewController.swift */ = {isa = PBXFileReference; lastKnownFileType = sourcecode.swift; path = PostListTableViewController.swift; sourceTree = "<group>"; };
		A68AF9C121754EB9007DB148 /* Post.app */ = {isa = PBXFileReference; explicitFileType = wrapper.application; includeInIndex = 0; path = Post.app; sourceTree = BUILT_PRODUCTS_DIR; };
		A68AF9C421754EB9007DB148 /* AppDelegate.swift */ = {isa = PBXFileReference; lastKnownFileType = sourcecode.swift; path = AppDelegate.swift; sourceTree = "<group>"; };
		A68AF9C921754EB9007DB148 /* Base */ = {isa = PBXFileReference; lastKnownFileType = file.storyboard; name = Base; path = Base.lproj/Main.storyboard; sourceTree = "<group>"; };
		A68AF9CB21754EBB007DB148 /* Assets.xcassets */ = {isa = PBXFileReference; lastKnownFileType = folder.assetcatalog; path = Assets.xcassets; sourceTree = "<group>"; };
		A68AF9CE21754EBB007DB148 /* Base */ = {isa = PBXFileReference; lastKnownFileType = file.storyboard; name = Base; path = Base.lproj/LaunchScreen.storyboard; sourceTree = "<group>"; };
		A68AF9D021754EBB007DB148 /* Info.plist */ = {isa = PBXFileReference; lastKnownFileType = text.plist.xml; path = Info.plist; sourceTree = "<group>"; };
		A68AF9DB217550DC007DB148 /* Post.swift */ = {isa = PBXFileReference; lastKnownFileType = sourcecode.swift; path = Post.swift; sourceTree = "<group>"; };
		A68AF9DD21755689007DB148 /* PostController.swift */ = {isa = PBXFileReference; lastKnownFileType = sourcecode.swift; path = PostController.swift; sourceTree = "<group>"; };
/* End PBXFileReference section */

/* Begin PBXFrameworksBuildPhase section */
		A68AF9BE21754EB9007DB148 /* Frameworks */ = {
			isa = PBXFrameworksBuildPhase;
			buildActionMask = 2147483647;
			files = (
			);
			runOnlyForDeploymentPostprocessing = 0;
		};
/* End PBXFrameworksBuildPhase section */

/* Begin PBXGroup section */
		A68AF9B821754EB9007DB148 = {
			isa = PBXGroup;
			children = (
				A68AF9C321754EB9007DB148 /* Post */,
				A68AF9C221754EB9007DB148 /* Products */,
			);
			sourceTree = "<group>";
		};
		A68AF9C221754EB9007DB148 /* Products */ = {
			isa = PBXGroup;
			children = (
				A68AF9C121754EB9007DB148 /* Post.app */,
			);
			name = Products;
			sourceTree = "<group>";
		};
		A68AF9C321754EB9007DB148 /* Post */ = {
			isa = PBXGroup;
			children = (
				A68AF9C821754EB9007DB148 /* Main.storyboard */,
				A68AF9D921754F88007DB148 /* Controllers */,
				A68AF9D621754F72007DB148 /* Models */,
				A68AF9D721754F78007DB148 /* Resources */,
			);
			path = Post;
			sourceTree = "<group>";
		};
		A68AF9D621754F72007DB148 /* Models */ = {
			isa = PBXGroup;
			children = (
				A68AF9DB217550DC007DB148 /* Post.swift */,
			);
			path = Models;
			sourceTree = "<group>";
		};
		A68AF9D721754F78007DB148 /* Resources */ = {
			isa = PBXGroup;
			children = (
				A68AF9C421754EB9007DB148 /* AppDelegate.swift */,
				A68AF9CB21754EBB007DB148 /* Assets.xcassets */,
				A68AF9CD21754EBB007DB148 /* LaunchScreen.storyboard */,
				A68AF9D021754EBB007DB148 /* Info.plist */,
			);
			path = Resources;
			sourceTree = "<group>";
		};
		A68AF9D821754F7C007DB148 /* ModelControllers */ = {
			isa = PBXGroup;
			children = (
				A68AF9DD21755689007DB148 /* PostController.swift */,
			);
			path = ModelControllers;
			sourceTree = "<group>";
		};
		A68AF9D921754F88007DB148 /* Controllers */ = {
			isa = PBXGroup;
			children = (
				A68AF9DA21754F91007DB148 /* ViewControllers */,
				A68AF9D821754F7C007DB148 /* ModelControllers */,
			);
			path = Controllers;
			sourceTree = "<group>";
		};
		A68AF9DA21754F91007DB148 /* ViewControllers */ = {
			isa = PBXGroup;
			children = (
				A61D589321758F80000219F9 /* PostListTableViewController.swift */,
			);
			path = ViewControllers;
			sourceTree = "<group>";
		};
/* End PBXGroup section */

/* Begin PBXNativeTarget section */
		A68AF9C021754EB9007DB148 /* Post */ = {
			isa = PBXNativeTarget;
			buildConfigurationList = A68AF9D321754EBB007DB148 /* Build configuration list for PBXNativeTarget "Post" */;
			buildPhases = (
				A68AF9BD21754EB9007DB148 /* Sources */,
				A68AF9BE21754EB9007DB148 /* Frameworks */,
				A68AF9BF21754EB9007DB148 /* Resources */,
			);
			buildRules = (
			);
			dependencies = (
			);
			name = Post;
			productName = Post;
			productReference = A68AF9C121754EB9007DB148 /* Post.app */;
			productType = "com.apple.product-type.application";
		};
/* End PBXNativeTarget section */

/* Begin PBXProject section */
		A68AF9B921754EB9007DB148 /* Project object */ = {
			isa = PBXProject;
			attributes = {
				LastSwiftUpdateCheck = 1000;
				LastUpgradeCheck = 1000;
				ORGANIZATIONNAME = "Travis Chapman";
				TargetAttributes = {
					A68AF9C021754EB9007DB148 = {
						CreatedOnToolsVersion = 10.0;
					};
				};
			};
			buildConfigurationList = A68AF9BC21754EB9007DB148 /* Build configuration list for PBXProject "Post" */;
			compatibilityVersion = "Xcode 9.3";
			developmentRegion = en;
			hasScannedForEncodings = 0;
			knownRegions = (
				en,
				Base,
			);
			mainGroup = A68AF9B821754EB9007DB148;
			productRefGroup = A68AF9C221754EB9007DB148 /* Products */;
			projectDirPath = "";
			projectRoot = "";
			targets = (
				A68AF9C021754EB9007DB148 /* Post */,
			);
		};
/* End PBXProject section */

/* Begin PBXResourcesBuildPhase section */
		A68AF9BF21754EB9007DB148 /* Resources */ = {
			isa = PBXResourcesBuildPhase;
			buildActionMask = 2147483647;
			files = (
				A68AF9CF21754EBB007DB148 /* LaunchScreen.storyboard in Resources */,
				A68AF9CC21754EBB007DB148 /* Assets.xcassets in Resources */,
				A68AF9CA21754EB9007DB148 /* Main.storyboard in Resources */,
			);
			runOnlyForDeploymentPostprocessing = 0;
		};
/* End PBXResourcesBuildPhase section */

/* Begin PBXSourcesBuildPhase section */
		A68AF9BD21754EB9007DB148 /* Sources */ = {
			isa = PBXSourcesBuildPhase;
			buildActionMask = 2147483647;
			files = (
				A68AF9C521754EB9007DB148 /* AppDelegate.swift in Sources */,
				A68AF9DC217550DC007DB148 /* Post.swift in Sources */,
				A68AF9DE21755689007DB148 /* PostController.swift in Sources */,
				A61D589421758F80000219F9 /* PostListTableViewController.swift in Sources */,
			);
			runOnlyForDeploymentPostprocessing = 0;
		};
/* End PBXSourcesBuildPhase section */

/* Begin PBXVariantGroup section */
		A68AF9C821754EB9007DB148 /* Main.storyboard */ = {
			isa = PBXVariantGroup;
			children = (
				A68AF9C921754EB9007DB148 /* Base */,
			);
			name = Main.storyboard;
			sourceTree = "<group>";
		};
		A68AF9CD21754EBB007DB148 /* LaunchScreen.storyboard */ = {
			isa = PBXVariantGroup;
			children = (
				A68AF9CE21754EBB007DB148 /* Base */,
			);
			name = LaunchScreen.storyboard;
			sourceTree = "<group>";
		};
/* End PBXVariantGroup section */

/* Begin XCBuildConfiguration section */
		A68AF9D121754EBB007DB148 /* Debug */ = {
			isa = XCBuildConfiguration;
			buildSettings = {
				ALWAYS_SEARCH_USER_PATHS = NO;
				CLANG_ANALYZER_NONNULL = YES;
				CLANG_ANALYZER_NUMBER_OBJECT_CONVERSION = YES_AGGRESSIVE;
				CLANG_CXX_LANGUAGE_STANDARD = "gnu++14";
				CLANG_CXX_LIBRARY = "libc++";
				CLANG_ENABLE_MODULES = YES;
				CLANG_ENABLE_OBJC_ARC = YES;
				CLANG_ENABLE_OBJC_WEAK = YES;
				CLANG_WARN_BLOCK_CAPTURE_AUTORELEASING = YES;
				CLANG_WARN_BOOL_CONVERSION = YES;
				CLANG_WARN_COMMA = YES;
				CLANG_WARN_CONSTANT_CONVERSION = YES;
				CLANG_WARN_DEPRECATED_OBJC_IMPLEMENTATIONS = YES;
				CLANG_WARN_DIRECT_OBJC_ISA_USAGE = YES_ERROR;
				CLANG_WARN_DOCUMENTATION_COMMENTS = YES;
				CLANG_WARN_EMPTY_BODY = YES;
				CLANG_WARN_ENUM_CONVERSION = YES;
				CLANG_WARN_INFINITE_RECURSION = YES;
				CLANG_WARN_INT_CONVERSION = YES;
				CLANG_WARN_NON_LITERAL_NULL_CONVERSION = YES;
				CLANG_WARN_OBJC_IMPLICIT_RETAIN_SELF = YES;
				CLANG_WARN_OBJC_LITERAL_CONVERSION = YES;
				CLANG_WARN_OBJC_ROOT_CLASS = YES_ERROR;
				CLANG_WARN_RANGE_LOOP_ANALYSIS = YES;
				CLANG_WARN_STRICT_PROTOTYPES = YES;
				CLANG_WARN_SUSPICIOUS_MOVE = YES;
				CLANG_WARN_UNGUARDED_AVAILABILITY = YES_AGGRESSIVE;
				CLANG_WARN_UNREACHABLE_CODE = YES;
				CLANG_WARN__DUPLICATE_METHOD_MATCH = YES;
				CODE_SIGN_IDENTITY = "iPhone Developer";
				COPY_PHASE_STRIP = NO;
				DEBUG_INFORMATION_FORMAT = dwarf;
				ENABLE_STRICT_OBJC_MSGSEND = YES;
				ENABLE_TESTABILITY = YES;
				GCC_C_LANGUAGE_STANDARD = gnu11;
				GCC_DYNAMIC_NO_PIC = NO;
				GCC_NO_COMMON_BLOCKS = YES;
				GCC_OPTIMIZATION_LEVEL = 0;
				GCC_PREPROCESSOR_DEFINITIONS = (
					"DEBUG=1",
					"$(inherited)",
				);
				GCC_WARN_64_TO_32_BIT_CONVERSION = YES;
				GCC_WARN_ABOUT_RETURN_TYPE = YES_ERROR;
				GCC_WARN_UNDECLARED_SELECTOR = YES;
				GCC_WARN_UNINITIALIZED_AUTOS = YES_AGGRESSIVE;
				GCC_WARN_UNUSED_FUNCTION = YES;
				GCC_WARN_UNUSED_VARIABLE = YES;
				IPHONEOS_DEPLOYMENT_TARGET = 12.0;
				MTL_ENABLE_DEBUG_INFO = INCLUDE_SOURCE;
				MTL_FAST_MATH = YES;
				ONLY_ACTIVE_ARCH = YES;
				SDKROOT = iphoneos;
				SWIFT_ACTIVE_COMPILATION_CONDITIONS = DEBUG;
				SWIFT_OPTIMIZATION_LEVEL = "-Onone";
			};
			name = Debug;
		};
		A68AF9D221754EBB007DB148 /* Release */ = {
			isa = XCBuildConfiguration;
			buildSettings = {
				ALWAYS_SEARCH_USER_PATHS = NO;
				CLANG_ANALYZER_NONNULL = YES;
				CLANG_ANALYZER_NUMBER_OBJECT_CONVERSION = YES_AGGRESSIVE;
				CLANG_CXX_LANGUAGE_STANDARD = "gnu++14";
				CLANG_CXX_LIBRARY = "libc++";
				CLANG_ENABLE_MODULES = YES;
				CLANG_ENABLE_OBJC_ARC = YES;
				CLANG_ENABLE_OBJC_WEAK = YES;
				CLANG_WARN_BLOCK_CAPTURE_AUTORELEASING = YES;
				CLANG_WARN_BOOL_CONVERSION = YES;
				CLANG_WARN_COMMA = YES;
				CLANG_WARN_CONSTANT_CONVERSION = YES;
				CLANG_WARN_DEPRECATED_OBJC_IMPLEMENTATIONS = YES;
				CLANG_WARN_DIRECT_OBJC_ISA_USAGE = YES_ERROR;
				CLANG_WARN_DOCUMENTATION_COMMENTS = YES;
				CLANG_WARN_EMPTY_BODY = YES;
				CLANG_WARN_ENUM_CONVERSION = YES;
				CLANG_WARN_INFINITE_RECURSION = YES;
				CLANG_WARN_INT_CONVERSION = YES;
				CLANG_WARN_NON_LITERAL_NULL_CONVERSION = YES;
				CLANG_WARN_OBJC_IMPLICIT_RETAIN_SELF = YES;
				CLANG_WARN_OBJC_LITERAL_CONVERSION = YES;
				CLANG_WARN_OBJC_ROOT_CLASS = YES_ERROR;
				CLANG_WARN_RANGE_LOOP_ANALYSIS = YES;
				CLANG_WARN_STRICT_PROTOTYPES = YES;
				CLANG_WARN_SUSPICIOUS_MOVE = YES;
				CLANG_WARN_UNGUARDED_AVAILABILITY = YES_AGGRESSIVE;
				CLANG_WARN_UNREACHABLE_CODE = YES;
				CLANG_WARN__DUPLICATE_METHOD_MATCH = YES;
				CODE_SIGN_IDENTITY = "iPhone Developer";
				COPY_PHASE_STRIP = NO;
				DEBUG_INFORMATION_FORMAT = "dwarf-with-dsym";
				ENABLE_NS_ASSERTIONS = NO;
				ENABLE_STRICT_OBJC_MSGSEND = YES;
				GCC_C_LANGUAGE_STANDARD = gnu11;
				GCC_NO_COMMON_BLOCKS = YES;
				GCC_WARN_64_TO_32_BIT_CONVERSION = YES;
				GCC_WARN_ABOUT_RETURN_TYPE = YES_ERROR;
				GCC_WARN_UNDECLARED_SELECTOR = YES;
				GCC_WARN_UNINITIALIZED_AUTOS = YES_AGGRESSIVE;
				GCC_WARN_UNUSED_FUNCTION = YES;
				GCC_WARN_UNUSED_VARIABLE = YES;
				IPHONEOS_DEPLOYMENT_TARGET = 12.0;
				MTL_ENABLE_DEBUG_INFO = NO;
				MTL_FAST_MATH = YES;
				SDKROOT = iphoneos;
				SWIFT_COMPILATION_MODE = wholemodule;
				SWIFT_OPTIMIZATION_LEVEL = "-O";
				VALIDATE_PRODUCT = YES;
			};
			name = Release;
		};
		A68AF9D421754EBB007DB148 /* Debug */ = {
			isa = XCBuildConfiguration;
			buildSettings = {
				ASSETCATALOG_COMPILER_APPICON_NAME = AppIcon;
				CODE_SIGN_STYLE = Automatic;
				INFOPLIST_FILE = "$(SRCROOT)/Post/Resources/Info.plist";
				LD_RUNPATH_SEARCH_PATHS = (
					"$(inherited)",
					"@executable_path/Frameworks",
				);
				PRODUCT_BUNDLE_IDENTIFIER = org.travischapman.Post;
				PRODUCT_NAME = "$(TARGET_NAME)";
				SWIFT_VERSION = 4.2;
				TARGETED_DEVICE_FAMILY = "1,2";
			};
			name = Debug;
		};
		A68AF9D521754EBB007DB148 /* Release */ = {
			isa = XCBuildConfiguration;
			buildSettings = {
				ASSETCATALOG_COMPILER_APPICON_NAME = AppIcon;
				CODE_SIGN_STYLE = Automatic;
				INFOPLIST_FILE = "$(SRCROOT)/Post/Resources/Info.plist";
				LD_RUNPATH_SEARCH_PATHS = (
					"$(inherited)",
					"@executable_path/Frameworks",
				);
				PRODUCT_BUNDLE_IDENTIFIER = org.travischapman.Post;
				PRODUCT_NAME = "$(TARGET_NAME)";
				SWIFT_VERSION = 4.2;
				TARGETED_DEVICE_FAMILY = "1,2";
			};
			name = Release;
		};
/* End XCBuildConfiguration section */

/* Begin XCConfigurationList section */
		A68AF9BC21754EB9007DB148 /* Build configuration list for PBXProject "Post" */ = {
			isa = XCConfigurationList;
			buildConfigurations = (
				A68AF9D121754EBB007DB148 /* Debug */,
				A68AF9D221754EBB007DB148 /* Release */,
			);
			defaultConfigurationIsVisible = 0;
			defaultConfigurationName = Release;
		};
		A68AF9D321754EBB007DB148 /* Build configuration list for PBXNativeTarget "Post" */ = {
			isa = XCConfigurationList;
			buildConfigurations = (
				A68AF9D421754EBB007DB148 /* Debug */,
				A68AF9D521754EBB007DB148 /* Release */,
			);
			defaultConfigurationIsVisible = 0;
			defaultConfigurationName = Release;
		};
/* End XCConfigurationList section */
	};
	rootObject = A68AF9B921754EB9007DB148 /* Project object */;
}
